
Microsoft Visual Studio Solution File, Format Version 12.00
# Visual Studio Version 16
VisualStudioVersion = 16.0.30717.126
MinimumVisualStudioVersion = 10.0.40219.1
Project("{FAE04EC0-301F-11D3-BF4B-00C04F79EFBC}") = "zad1", "zad1.csproj", "{68DFDFEE-89C6-4B3C-B5D5-C6EA4F9B3424}"
EndProject
Project("{FAE04EC0-301F-11D3-BF4B-00C04F79EFBC}") = "zad2", "..\zad2\zad2.csproj", "{5169D910-0B85-479B-B9DD-9775D0C0A79B}"
EndProject
Project("{FAE04EC0-301F-11D3-BF4B-00C04F79EFBC}") = "zad3", "..\zad3\zad3.csproj", "{8A425CB5-CFC2-4D75-A343-41C02D173068}"
EndProject
Project("{FAE04EC0-301F-11D3-BF4B-00C04F79EFBC}") = "zad4", "..\zad4\zad4.csproj", "{9CA96F21-4DAC-4A52-A118-07A9C8875166}"
EndProject
Project("{FAE04EC0-301F-11D3-BF4B-00C04F79EFBC}") = "zad5", "..\zad5\zad5.csproj", "{AA374E5D-7FDC-421E-A964-9E53D7AC42C8}"
EndProject
Project("{FAE04EC0-301F-11D3-BF4B-00C04F79EFBC}") = "zad6", "..\zad6\zad6.csproj", "{A7839885-6F1F-4A63-A05E-C7A246DF3540}"
EndProject
Global
	GlobalSection(SolutionConfigurationPlatforms) = preSolution
		Debug|Any CPU = Debug|Any CPU
		Release|Any CPU = Release|Any CPU
	EndGlobalSection
	GlobalSection(ProjectConfigurationPlatforms) = postSolution
		{68DFDFEE-89C6-4B3C-B5D5-C6EA4F9B3424}.Debug|Any CPU.ActiveCfg = Debug|Any CPU
		{68DFDFEE-89C6-4B3C-B5D5-C6EA4F9B3424}.Debug|Any CPU.Build.0 = Debug|Any CPU
		{68DFDFEE-89C6-4B3C-B5D5-C6EA4F9B3424}.Release|Any CPU.ActiveCfg = Release|Any CPU
		{68DFDFEE-89C6-4B3C-B5D5-C6EA4F9B3424}.Release|Any CPU.Build.0 = Release|Any CPU
		{5169D910-0B85-479B-B9DD-9775D0C0A79B}.Debug|Any CPU.ActiveCfg = Debug|Any CPU
		{5169D910-0B85-479B-B9DD-9775D0C0A79B}.Debug|Any CPU.Build.0 = Debug|Any CPU
		{5169D910-0B85-479B-B9DD-9775D0C0A79B}.Release|Any CPU.ActiveCfg = Release|Any CPU
		{5169D910-0B85-479B-B9DD-9775D0C0A79B}.Release|Any CPU.Build.0 = Release|Any CPU
		{8A425CB5-CFC2-4D75-A343-41C02D173068}.Debug|Any CPU.ActiveCfg = Debug|Any CPU
		{8A425CB5-CFC2-4D75-A343-41C02D173068}.Debug|Any CPU.Build.0 = Debug|Any CPU
		{8A425CB5-CFC2-4D75-A343-41C02D173068}.Release|Any CPU.ActiveCfg = Release|Any CPU
		{8A425CB5-CFC2-4D75-A343-41C02D173068}.Release|Any CPU.Build.0 = Release|Any CPU
		{9CA96F21-4DAC-4A52-A118-07A9C8875166}.Debug|Any CPU.ActiveCfg = Debug|Any CPU
		{9CA96F21-4DAC-4A52-A118-07A9C8875166}.Debug|Any CPU.Build.0 = Debug|Any CPU
		{9CA96F21-4DAC-4A52-A118-07A9C8875166}.Release|Any CPU.ActiveCfg = Release|Any CPU
		{9CA96F21-4DAC-4A52-A118-07A9C8875166}.Release|Any CPU.Build.0 = Release|Any CPU
		{AA374E5D-7FDC-421E-A964-9E53D7AC42C8}.Debug|Any CPU.ActiveCfg = Debug|Any CPU
		{AA374E5D-7FDC-421E-A964-9E53D7AC42C8}.Debug|Any CPU.Build.0 = Debug|Any CPU
		{AA374E5D-7FDC-421E-A964-9E53D7AC42C8}.Release|Any CPU.ActiveCfg = Release|Any CPU
		{AA374E5D-7FDC-421E-A964-9E53D7AC42C8}.Release|Any CPU.Build.0 = Release|Any CPU
		{A7839885-6F1F-4A63-A05E-C7A246DF3540}.Debug|Any CPU.ActiveCfg = Debug|Any CPU
		{A7839885-6F1F-4A63-A05E-C7A246DF3540}.Debug|Any CPU.Build.0 = Debug|Any CPU
		{A7839885-6F1F-4A63-A05E-C7A246DF3540}.Release|Any CPU.ActiveCfg = Release|Any CPU
		{A7839885-6F1F-4A63-A05E-C7A246DF3540}.Release|Any CPU.Build.0 = Release|Any CPU
	EndGlobalSection
	GlobalSection(SolutionProperties) = preSolution
		HideSolutionNode = FALSE
	EndGlobalSection
	GlobalSection(ExtensibilityGlobals) = postSolution
		SolutionGuid = {D02EC378-00E2-4593-8B58-0D974FB24C8F}
	EndGlobalSection
EndGlobal
