
Microsoft Visual Studio Solution File, Format Version 12.00
# Visual Studio Version 16
VisualStudioVersion = 16.0.30717.126
MinimumVisualStudioVersion = 10.0.40219.1
Project("{FAE04EC0-301F-11D3-BF4B-00C04F79EFBC}") = "uprajnenie1", "uprajnenie1.csproj", "{25D45D2A-FADB-46B7-9AAB-BADCF3191ED3}"
EndProject
Project("{FAE04EC0-301F-11D3-BF4B-00C04F79EFBC}") = "uprajnenie2", "..\uprajnenie2\uprajnenie2.csproj", "{895A7FE4-C609-4B6B-936C-817B3C9A6FA3}"
EndProject
Project("{FAE04EC0-301F-11D3-BF4B-00C04F79EFBC}") = "uprajnenie3", "..\uprajnenie3\uprajnenie3.csproj", "{E044547B-7484-49F0-A22E-1923A34CE355}"
EndProject
Project("{FAE04EC0-301F-11D3-BF4B-00C04F79EFBC}") = "uprajnenie4", "..\uprajnenie4\uprajnenie4.csproj", "{1C8EC740-7F99-4624-A640-76EC1E354E26}"
EndProject
Project("{FAE04EC0-301F-11D3-BF4B-00C04F79EFBC}") = "uprajnenie5", "..\uprajnenie5\uprajnenie5.csproj", "{C7FB1E5D-EFCE-4B0F-B045-07B33617F4A4}"
EndProject
Project("{FAE04EC0-301F-11D3-BF4B-00C04F79EFBC}") = "uprajnenie6", "..\uprajnenie6\uprajnenie6.csproj", "{91F19C74-61F1-4906-8E2E-5C0A1499F294}"
EndProject
Global
	GlobalSection(SolutionConfigurationPlatforms) = preSolution
		Debug|Any CPU = Debug|Any CPU
		Release|Any CPU = Release|Any CPU
	EndGlobalSection
	GlobalSection(ProjectConfigurationPlatforms) = postSolution
		{25D45D2A-FADB-46B7-9AAB-BADCF3191ED3}.Debug|Any CPU.ActiveCfg = Debug|Any CPU
		{25D45D2A-FADB-46B7-9AAB-BADCF3191ED3}.Debug|Any CPU.Build.0 = Debug|Any CPU
		{25D45D2A-FADB-46B7-9AAB-BADCF3191ED3}.Release|Any CPU.ActiveCfg = Release|Any CPU
		{25D45D2A-FADB-46B7-9AAB-BADCF3191ED3}.Release|Any CPU.Build.0 = Release|Any CPU
		{895A7FE4-C609-4B6B-936C-817B3C9A6FA3}.Debug|Any CPU.ActiveCfg = Debug|Any CPU
		{895A7FE4-C609-4B6B-936C-817B3C9A6FA3}.Debug|Any CPU.Build.0 = Debug|Any CPU
		{895A7FE4-C609-4B6B-936C-817B3C9A6FA3}.Release|Any CPU.ActiveCfg = Release|Any CPU
		{895A7FE4-C609-4B6B-936C-817B3C9A6FA3}.Release|Any CPU.Build.0 = Release|Any CPU
		{E044547B-7484-49F0-A22E-1923A34CE355}.Debug|Any CPU.ActiveCfg = Debug|Any CPU
		{E044547B-7484-49F0-A22E-1923A34CE355}.Debug|Any CPU.Build.0 = Debug|Any CPU
		{E044547B-7484-49F0-A22E-1923A34CE355}.Release|Any CPU.ActiveCfg = Release|Any CPU
		{E044547B-7484-49F0-A22E-1923A34CE355}.Release|Any CPU.Build.0 = Release|Any CPU
		{1C8EC740-7F99-4624-A640-76EC1E354E26}.Debug|Any CPU.ActiveCfg = Debug|Any CPU
		{1C8EC740-7F99-4624-A640-76EC1E354E26}.Debug|Any CPU.Build.0 = Debug|Any CPU
		{1C8EC740-7F99-4624-A640-76EC1E354E26}.Release|Any CPU.ActiveCfg = Release|Any CPU
		{1C8EC740-7F99-4624-A640-76EC1E354E26}.Release|Any CPU.Build.0 = Release|Any CPU
		{C7FB1E5D-EFCE-4B0F-B045-07B33617F4A4}.Debug|Any CPU.ActiveCfg = Debug|Any CPU
		{C7FB1E5D-EFCE-4B0F-B045-07B33617F4A4}.Debug|Any CPU.Build.0 = Debug|Any CPU
		{C7FB1E5D-EFCE-4B0F-B045-07B33617F4A4}.Release|Any CPU.ActiveCfg = Release|Any CPU
		{C7FB1E5D-EFCE-4B0F-B045-07B33617F4A4}.Release|Any CPU.Build.0 = Release|Any CPU
		{91F19C74-61F1-4906-8E2E-5C0A1499F294}.Debug|Any CPU.ActiveCfg = Debug|Any CPU
		{91F19C74-61F1-4906-8E2E-5C0A1499F294}.Debug|Any CPU.Build.0 = Debug|Any CPU
		{91F19C74-61F1-4906-8E2E-5C0A1499F294}.Release|Any CPU.ActiveCfg = Release|Any CPU
		{91F19C74-61F1-4906-8E2E-5C0A1499F294}.Release|Any CPU.Build.0 = Release|Any CPU
	EndGlobalSection
	GlobalSection(SolutionProperties) = preSolution
		HideSolutionNode = FALSE
	EndGlobalSection
	GlobalSection(ExtensibilityGlobals) = postSolution
		SolutionGuid = {14BC68A0-1A6B-4DE6-9509-057B0D8D3BCB}
	EndGlobalSection
EndGlobal
